
Microsoft Visual Studio Solution File, Format Version 12.00
# Visual Studio Version 17
VisualStudioVersion = 17.0.31512.422
MinimumVisualStudioVersion = 10.0.40219.1
Project("{FAE04EC0-301F-11D3-BF4B-00C04F79EFBC}") = "Remove Logs Discord", "Remove Logs Discord\Remove Logs Discord.csproj", "{8B1823E9-A025-4F30-B770-0A7BDF8CEB53}"
EndProject
Global
	GlobalSection(SolutionConfigurationPlatforms) = preSolution
		Debug|Any CPU = Debug|Any CPU
		Release|Any CPU = Release|Any CPU
	EndGlobalSection
	GlobalSection(ProjectConfigurationPlatforms) = postSolution
		{8B1823E9-A025-4F30-B770-0A7BDF8CEB53}.Debug|Any CPU.ActiveCfg = Debug|Any CPU
		{8B1823E9-A025-4F30-B770-0A7BDF8CEB53}.Debug|Any CPU.Build.0 = Debug|Any CPU
		{8B1823E9-A025-4F30-B770-0A7BDF8CEB53}.Release|Any CPU.ActiveCfg = Release|Any CPU
		{8B1823E9-A025-4F30-B770-0A7BDF8CEB53}.Release|Any CPU.Build.0 = Release|Any CPU
	EndGlobalSection
	GlobalSection(SolutionProperties) = preSolution
		HideSolutionNode = FALSE
	EndGlobalSection
	GlobalSection(ExtensibilityGlobals) = postSolution
		SolutionGuid = {A7341980-7DC1-4BE9-8A70-88A587BBFEFF}
	EndGlobalSection
EndGlobal
